{
  "lockfileVersion": 1,
  "workspaces": {
    "": {
      "name": "steroscopic-hardware",
      "dependencies": {
        "@alpinejs/collapse": "^3.14.9",
        "@alpinejs/persist": "^3.14.9",
        "@starfederation/datastar": "^1.0.0-beta.11",
        "@types/alpinejs__collapse": "^3.13.4",
        "@types/alpinejs__persist": "^3.13.4",
        "alpinejs": "^3.14.9",
        "htmx.org": "2.0.4",
      },
      "devDependencies": {
        "@types/alpinejs": "^3.13.11",
        "@types/bun": "latest",
      },
      "peerDependencies": {
        "typescript": "^5",
      },
    },
  },
  "packages": {
    "@alpinejs/collapse": ["@alpinejs/collapse@3.14.9", "", {}, "sha512-cUjbBVo4KR/CfFg0cLB+Q7a8SnjmD4MdxmtZvFjh25Dlf/ZWYPSPx/28b+aAykuX/SUoDPQRmdFiVVvq+iILHw=="],

    "@alpinejs/persist": ["@alpinejs/persist@3.14.9", "", {}, "sha512-Td9hWEUtFFguYCRjXhq06sDultW21wXUnVro7YWJm+vjGu/nV/v3hepOXyYVjkGvH/F+zjx5UkzWXXzr3UiQ/w=="],

    "@starfederation/datastar": ["@starfederation/datastar@1.0.0-beta.11", "", {}, "sha512-62TtP/Rm8HVnWxZm1rqhZo+0F57V7A6bKE0FMFMP+1ZeRoDd3lBqYUEdcbSPtIYf9fjoPEUd4TU3bgWS0CGy9w=="],

    "@types/alpinejs": ["@types/alpinejs@3.13.11", "", {}, "sha512-3KhGkDixCPiLdL3Z/ok1GxHwLxEWqQOKJccgaQL01wc0EVM2tCTaqlC3NIedmxAXkVzt/V6VTM8qPgnOHKJ1MA=="],

    "@types/alpinejs__collapse": ["@types/alpinejs__collapse@3.13.4", "", { "dependencies": { "@types/alpinejs": "*" } }, "sha512-kUBJWEDrHahD2Tb1lrir7iNTGN9ukvoJFjOY41EGC7F21E1KMSch5NrGgE0sqINrRT3lf1UZm3wxB3CNjJHBwg=="],

    "@types/alpinejs__persist": ["@types/alpinejs__persist@3.13.4", "", { "dependencies": { "@types/alpinejs": "*" } }, "sha512-H+cW7294EV5fGmIGD3BCJme54//KyWxZcP4uI9pk6W7fECR5hEwdO7j7wogz0o4vapS/kXiXiAjuqC9F+W0Vpw=="],

    "@types/bun": ["@types/bun@1.2.11", "", { "dependencies": { "bun-types": "1.2.11" } }, "sha512-ZLbbI91EmmGwlWTRWuV6J19IUiUC5YQ3TCEuSHI3usIP75kuoA8/0PVF+LTrbEnVc8JIhpElWOxv1ocI1fJBbw=="],

    "@types/node": ["@types/node@22.15.3", "", { "dependencies": { "undici-types": "~6.21.0" } }, "sha512-lX7HFZeHf4QG/J7tBZqrCAXwz9J5RD56Y6MpP0eJkka8p+K0RY/yBTW7CYFJ4VGCclxqOLKmiGP5juQc6MKgcw=="],

    "@vue/reactivity": ["@vue/reactivity@3.1.5", "", { "dependencies": { "@vue/shared": "3.1.5" } }, "sha512-1tdfLmNjWG6t/CsPldh+foumYFo3cpyCHgBYQ34ylaMsJ+SNHQ1kApMIa8jN+i593zQuaw3AdWH0nJTARzCFhg=="],

    "@vue/shared": ["@vue/shared@3.1.5", "", {}, "sha512-oJ4F3TnvpXaQwZJNF3ZK+kLPHKarDmJjJ6jyzVNDKH9md1dptjC7lWR//jrGuLdek/U6iltWxqAnYOu8gCiOvA=="],

    "alpinejs": ["alpinejs@3.14.9", "", { "dependencies": { "@vue/reactivity": "~3.1.1" } }, "sha512-gqSOhTEyryU9FhviNqiHBHzgjkvtukq9tevew29fTj+ofZtfsYriw4zPirHHOAy9bw8QoL3WGhyk7QqCh5AYlw=="],

    "bun-types": ["bun-types@1.2.11", "", { "dependencies": { "@types/node": "*" } }, "sha512-dbkp5Lo8HDrXkLrONm6bk+yiiYQSntvFUzQp0v3pzTAsXk6FtgVMjdQ+lzFNVAmQFUkPQZ3WMZqH5tTo+Dp/IA=="],

    "htmx.org": ["htmx.org@2.0.4", "", {}, "sha512-HLxMCdfXDOJirs3vBZl/ZLoY+c7PfM4Ahr2Ad4YXh6d22T5ltbTXFFkpx9Tgb2vvmWFMbIc3LqN2ToNkZJvyYQ=="],

    "typescript": ["typescript@5.8.3", "", { "bin": { "tsc": "bin/tsc", "tsserver": "bin/tsserver" } }, "sha512-p1diW6TqL9L07nNxvRMM7hMMw4c5XOo/1ibL4aAIGmSAt9slTE1Xgw5KWuof2uTOvCg9BY7ZRi+GaF+7sfgPeQ=="],

    "undici-types": ["undici-types@6.21.0", "", {}, "sha512-iwDZqg0QAGrg9Rav5H4n0M64c3mkR59cJ6wQp+7C4nI0gsmExaedaYLNO44eT4AtBBwjbTiGPMlt2Md0T9H9JQ=="],
  }
}
